
Microsoft Visual Studio Solution File, Format Version 12.00
# Visual Studio Version 16
VisualStudioVersion = 16.0.31313.79
MinimumVisualStudioVersion = 10.0.40219.1
Project("{FAE04EC0-301F-11D3-BF4B-00C04F79EFBC}") = "MVC-Sasema", "MVC-Sasema\MVC-Sasema.csproj", "{B3E87E8F-8DDB-4329-9671-30626033C24F}"
EndProject
Project("{FAE04EC0-301F-11D3-BF4B-00C04F79EFBC}") = "MVC-SasemaTests", "MVC-SasemaTests\MVC-SasemaTests.csproj", "{9F4477B1-3099-4F24-A688-683D7E4ED170}"
EndProject
Global
	GlobalSection(SolutionConfigurationPlatforms) = preSolution
		Debug|Any CPU = Debug|Any CPU
		Release|Any CPU = Release|Any CPU
	EndGlobalSection
	GlobalSection(ProjectConfigurationPlatforms) = postSolution
		{B3E87E8F-8DDB-4329-9671-30626033C24F}.Debug|Any CPU.ActiveCfg = Debug|Any CPU
		{B3E87E8F-8DDB-4329-9671-30626033C24F}.Debug|Any CPU.Build.0 = Debug|Any CPU
		{B3E87E8F-8DDB-4329-9671-30626033C24F}.Release|Any CPU.ActiveCfg = Release|Any CPU
		{B3E87E8F-8DDB-4329-9671-30626033C24F}.Release|Any CPU.Build.0 = Release|Any CPU
		{9F4477B1-3099-4F24-A688-683D7E4ED170}.Debug|Any CPU.ActiveCfg = Debug|Any CPU
		{9F4477B1-3099-4F24-A688-683D7E4ED170}.Debug|Any CPU.Build.0 = Debug|Any CPU
		{9F4477B1-3099-4F24-A688-683D7E4ED170}.Release|Any CPU.ActiveCfg = Release|Any CPU
		{9F4477B1-3099-4F24-A688-683D7E4ED170}.Release|Any CPU.Build.0 = Release|Any CPU
	EndGlobalSection
	GlobalSection(SolutionProperties) = preSolution
		HideSolutionNode = FALSE
	EndGlobalSection
	GlobalSection(ExtensibilityGlobals) = postSolution
		SolutionGuid = {1C537A1F-F5BA-4856-98DF-FAA26A1FD95D}
	EndGlobalSection
EndGlobal
